{
  "version": 4,
  "terraform_version": "1.14.0",
  "serial": 98,
  "lineage": "35e92abf-ec44-0107-7501-e672aa1aeb8f",
  "outputs": {},
  "resources": [
    {
      "mode": "managed",
      "type": "aws_ecr_repository",
      "name": "app_repo",
      "provider": "provider[\"registry.terraform.io/hashicorp/aws\"]",
      "instances": [
        {
          "schema_version": 0,
          "attributes": {
            "arn": "arn:aws:ecr:us-east-1:667481408160:repository/my-amazon-repo",
            "encryption_configuration": [
              {
                "encryption_type": "AES256",
                "kms_key": ""
              }
            ],
            "force_delete": null,
            "id": "my-amazon-repo",
            "image_scanning_configuration": [
              {
                "scan_on_push": true
              }
            ],
            "image_tag_mutability": "MUTABLE",
            "image_tag_mutability_exclusion_filter": [],
            "name": "my-amazon-repo",
            "region": "us-east-1",
            "registry_id": "667481408160",
            "repository_url": "667481408160.dkr.ecr.us-east-1.amazonaws.com/my-amazon-repo",
            "tags": {
              "Name": "my-amazon-repo"
            },
            "tags_all": {
              "Name": "my-amazon-repo"
            },
            "timeouts": null
          },
          "sensitive_attributes": [],
          "identity_schema_version": 0,
          "identity": {
            "account_id": "667481408160",
            "name": "my-amazon-repo",
            "region": "us-east-1"
          },
          "private": "eyJlMmJmYjczMC1lY2FhLTExZTYtOGY4OC0zNDM2M2JjN2M0YzAiOnsiZGVsZXRlIjoxMjAwMDAwMDAwMDAwfX0="
        }
      ]
    }
  ],
  "check_results": null
}
